
Microsoft Visual Studio Solution File, Format Version 12.00
# Visual Studio 15
VisualStudioVersion = 15.0.28307.489
MinimumVisualStudioVersion = 10.0.40219.1
Project("{FAE04EC0-301F-11D3-BF4B-00C04F79EFBC}") = "Projeto", "Projeto\Projeto.csproj", "{16C936AA-E473-4187-AAE2-7D623C9F371A}"
EndProject
Global
	GlobalSection(SolutionConfigurationPlatforms) = preSolution
		Debug|Any CPU = Debug|Any CPU
		Release|Any CPU = Release|Any CPU
	EndGlobalSection
	GlobalSection(ProjectConfigurationPlatforms) = postSolution
		{16C936AA-E473-4187-AAE2-7D623C9F371A}.Debug|Any CPU.ActiveCfg = Debug|Any CPU
		{16C936AA-E473-4187-AAE2-7D623C9F371A}.Debug|Any CPU.Build.0 = Debug|Any CPU
		{16C936AA-E473-4187-AAE2-7D623C9F371A}.Release|Any CPU.ActiveCfg = Release|Any CPU
		{16C936AA-E473-4187-AAE2-7D623C9F371A}.Release|Any CPU.Build.0 = Release|Any CPU
	EndGlobalSection
	GlobalSection(SolutionProperties) = preSolution
		HideSolutionNode = FALSE
	EndGlobalSection
	GlobalSection(ExtensibilityGlobals) = postSolution
		SolutionGuid = {A80D5082-83F0-4C03-B776-D685FC4D12A2}
	EndGlobalSection
EndGlobal
